
Microsoft Visual Studio Solution File, Format Version 12.00
# Visual Studio Version 16
VisualStudioVersion = 16.0.31205.134
MinimumVisualStudioVersion = 10.0.40219.1
Project("{FAE04EC0-301F-11D3-BF4B-00C04F79EFBC}") = "mdiGeneral", "mdiGeneral\mdiGeneral.csproj", "{5F8E8415-9392-4F8C-B36E-01F343664117}"
EndProject
Global
	GlobalSection(SolutionConfigurationPlatforms) = preSolution
		Debug|Any CPU = Debug|Any CPU
		Release|Any CPU = Release|Any CPU
	EndGlobalSection
	GlobalSection(ProjectConfigurationPlatforms) = postSolution
		{5F8E8415-9392-4F8C-B36E-01F343664117}.Debug|Any CPU.ActiveCfg = Debug|Any CPU
		{5F8E8415-9392-4F8C-B36E-01F343664117}.Debug|Any CPU.Build.0 = Debug|Any CPU
		{5F8E8415-9392-4F8C-B36E-01F343664117}.Release|Any CPU.ActiveCfg = Release|Any CPU
		{5F8E8415-9392-4F8C-B36E-01F343664117}.Release|Any CPU.Build.0 = Release|Any CPU
	EndGlobalSection
	GlobalSection(SolutionProperties) = preSolution
		HideSolutionNode = FALSE
	EndGlobalSection
	GlobalSection(ExtensibilityGlobals) = postSolution
		SolutionGuid = {34444B4D-1412-44E5-9952-B05E1B749285}
	EndGlobalSection
EndGlobal
